
Microsoft Visual Studio Solution File, Format Version 12.00
# Visual Studio Version 16
VisualStudioVersion = 16.0.31205.134
MinimumVisualStudioVersion = 10.0.40219.1
Project("{FAE04EC0-301F-11D3-BF4B-00C04F79EFBC}") = "AsyncTestProject", "AsyncTestProject\AsyncTestProject.csproj", "{0EAC8B5E-DCE5-494A-A431-DB32D5171760}"
EndProject
Global
	GlobalSection(SolutionConfigurationPlatforms) = preSolution
		Debug|Any CPU = Debug|Any CPU
		Release|Any CPU = Release|Any CPU
	EndGlobalSection
	GlobalSection(ProjectConfigurationPlatforms) = postSolution
		{0EAC8B5E-DCE5-494A-A431-DB32D5171760}.Debug|Any CPU.ActiveCfg = Debug|Any CPU
		{0EAC8B5E-DCE5-494A-A431-DB32D5171760}.Debug|Any CPU.Build.0 = Debug|Any CPU
		{0EAC8B5E-DCE5-494A-A431-DB32D5171760}.Release|Any CPU.ActiveCfg = Release|Any CPU
		{0EAC8B5E-DCE5-494A-A431-DB32D5171760}.Release|Any CPU.Build.0 = Release|Any CPU
	EndGlobalSection
	GlobalSection(SolutionProperties) = preSolution
		HideSolutionNode = FALSE
	EndGlobalSection
	GlobalSection(ExtensibilityGlobals) = postSolution
		SolutionGuid = {7FFEA0CF-9E14-437E-A757-51678CBC394A}
	EndGlobalSection
EndGlobal
